
Microsoft Visual Studio Solution File, Format Version 12.00
# Visual Studio Version 17
VisualStudioVersion = 17.6.33723.286
MinimumVisualStudioVersion = 10.0.40219.1
Project("{9A19103F-16F7-4668-BE54-9A1E7A4F7556}") = "OffersManagement.Host.WebApi", "Src\App\OffersManagement.Host.WebApi\OffersManagement.Host.WebApi.csproj", "{2632DD6B-7FDF-433A-ABFC-23DF6F8E9B5B}"
EndProject
Project("{2150E333-8FDC-42A3-9474-1A3956D46DE8}") = "Src", "Src", "{334A7072-A0F3-4328-97DC-7ED652CAD28B}"
EndProject
Project("{2150E333-8FDC-42A3-9474-1A3956D46DE8}") = "App", "App", "{43B694E8-0B9D-48F1-9379-438E4BED14AE}"
EndProject
Project("{2150E333-8FDC-42A3-9474-1A3956D46DE8}") = "Lib", "Lib", "{F84BA7DA-1748-4BF9-A47C-34B9D66C1A83}"
EndProject
Project("{9A19103F-16F7-4668-BE54-9A1E7A4F7556}") = "OffersManagement.Domain", "Src\Lib\OffersManagement.Domain\OffersManagement.Domain.csproj", "{EB3EB2A8-C839-4B44-9465-BF24A75D7CD4}"
EndProject
Project("{9A19103F-16F7-4668-BE54-9A1E7A4F7556}") = "OffersManagement.Infrastructure", "Src\Lib\OffersManagement.Infrastructure\OffersManagement.Infrastructure.csproj", "{DD1D1228-4912-40FA-BEC7-D22093718FCB}"
EndProject
Project("{9A19103F-16F7-4668-BE54-9A1E7A4F7556}") = "OffersManagement.Application", "Src\Lib\OffersManagement.Application\OffersManagement.Application.csproj", "{F9E20F82-DAF2-4C2A-A586-5B9DE8BD6B97}"
EndProject
Project("{2150E333-8FDC-42A3-9474-1A3956D46DE8}") = "SolutionItems", "SolutionItems", "{1A2D0540-FE0C-4868-B968-17FF2DCE4BAF}"
	ProjectSection(SolutionItems) = preProject
		docker-compose.yml = docker-compose.yml
		db_filling_tables.sql = db_filling_tables.sql
		db_create_tables.sql = db_create_tables.sql
		Dockerfile = Dockerfile
	EndProjectSection
EndProject
Global
	GlobalSection(SolutionConfigurationPlatforms) = preSolution
		Debug|Any CPU = Debug|Any CPU
		Release|Any CPU = Release|Any CPU
	EndGlobalSection
	GlobalSection(ProjectConfigurationPlatforms) = postSolution
		{2632DD6B-7FDF-433A-ABFC-23DF6F8E9B5B}.Debug|Any CPU.ActiveCfg = Debug|Any CPU
		{2632DD6B-7FDF-433A-ABFC-23DF6F8E9B5B}.Debug|Any CPU.Build.0 = Debug|Any CPU
		{2632DD6B-7FDF-433A-ABFC-23DF6F8E9B5B}.Release|Any CPU.ActiveCfg = Release|Any CPU
		{2632DD6B-7FDF-433A-ABFC-23DF6F8E9B5B}.Release|Any CPU.Build.0 = Release|Any CPU
		{EB3EB2A8-C839-4B44-9465-BF24A75D7CD4}.Debug|Any CPU.ActiveCfg = Debug|Any CPU
		{EB3EB2A8-C839-4B44-9465-BF24A75D7CD4}.Debug|Any CPU.Build.0 = Debug|Any CPU
		{EB3EB2A8-C839-4B44-9465-BF24A75D7CD4}.Release|Any CPU.ActiveCfg = Release|Any CPU
		{EB3EB2A8-C839-4B44-9465-BF24A75D7CD4}.Release|Any CPU.Build.0 = Release|Any CPU
		{DD1D1228-4912-40FA-BEC7-D22093718FCB}.Debug|Any CPU.ActiveCfg = Debug|Any CPU
		{DD1D1228-4912-40FA-BEC7-D22093718FCB}.Debug|Any CPU.Build.0 = Debug|Any CPU
		{DD1D1228-4912-40FA-BEC7-D22093718FCB}.Release|Any CPU.ActiveCfg = Release|Any CPU
		{DD1D1228-4912-40FA-BEC7-D22093718FCB}.Release|Any CPU.Build.0 = Release|Any CPU
		{F9E20F82-DAF2-4C2A-A586-5B9DE8BD6B97}.Debug|Any CPU.ActiveCfg = Debug|Any CPU
		{F9E20F82-DAF2-4C2A-A586-5B9DE8BD6B97}.Debug|Any CPU.Build.0 = Debug|Any CPU
		{F9E20F82-DAF2-4C2A-A586-5B9DE8BD6B97}.Release|Any CPU.ActiveCfg = Release|Any CPU
		{F9E20F82-DAF2-4C2A-A586-5B9DE8BD6B97}.Release|Any CPU.Build.0 = Release|Any CPU
	EndGlobalSection
	GlobalSection(SolutionProperties) = preSolution
		HideSolutionNode = FALSE
	EndGlobalSection
	GlobalSection(NestedProjects) = preSolution
		{2632DD6B-7FDF-433A-ABFC-23DF6F8E9B5B} = {43B694E8-0B9D-48F1-9379-438E4BED14AE}
		{43B694E8-0B9D-48F1-9379-438E4BED14AE} = {334A7072-A0F3-4328-97DC-7ED652CAD28B}
		{F84BA7DA-1748-4BF9-A47C-34B9D66C1A83} = {334A7072-A0F3-4328-97DC-7ED652CAD28B}
		{EB3EB2A8-C839-4B44-9465-BF24A75D7CD4} = {F84BA7DA-1748-4BF9-A47C-34B9D66C1A83}
		{DD1D1228-4912-40FA-BEC7-D22093718FCB} = {F84BA7DA-1748-4BF9-A47C-34B9D66C1A83}
		{F9E20F82-DAF2-4C2A-A586-5B9DE8BD6B97} = {F84BA7DA-1748-4BF9-A47C-34B9D66C1A83}
	EndGlobalSection
	GlobalSection(ExtensibilityGlobals) = postSolution
		SolutionGuid = {7B85DB85-79B0-4CBC-BD93-D572FA85B58B}
	EndGlobalSection
EndGlobal
